{
  "version": 4,
  "terraform_version": "1.15.8",
  "serial": 7,
  "lineage": "91aa193d-e51c-b069-fae3-5f792f09779c",
  "outputs": {
    "gke_cluster_location": {
      "value": "asia-south1",
      "type": "string"
    },
    "gke_cluster_name": {
      "value": "cloud-order-platform-gke",
      "type": "string"
    },
    "gke_endpoint": {
      "value": "8.234.109.146",
      "type": "string",
      "sensitive": true
    },
    "pod_range": {
      "value": "10.20.0.0/16",
      "type": "string"
    },
    "service_range": {
      "value": "10.30.0.0/20",
      "type": "string"
    },
    "subnet_cidr": {
      "value": "10.10.0.0/20",
      "type": "string"
    },
    "subnet_name": {
      "value": "cloud-order-platform-subnet",
      "type": "string"
    },
    "vpc_id": {
      "value": "projects/cloud-order-platform/global/networks/cloud-order-platform-vpc",
      "type": "string"
    },
    "vpc_name": {
      "value": "cloud-order-platform-vpc",
      "type": "string"
    }
  },
  "resources": [
    {
      "mode": "managed",
      "type": "google_compute_firewall",
      "name": "allow_health_checks",
      "provider": "provider[\"registry.terraform.io/hashicorp/google\"]",
      "instances": [
        {
          "schema_version": 1,
          "attributes": {
            "allow": [
              {
                "ports": [],
                "protocol": "tcp"
              }
            ],
            "creation_timestamp": "2026-08-29T23:32:04.657-07:00",
            "deletion_policy": "DELETE",
            "deny": [],
            "description": "",
            "destination_ranges": [],
            "direction": "INGRESS",
            "disabled": false,
            "enable_logging": null,
            "id": "projects/cloud-order-platform/global/firewalls/cloud-order-platform-allow-health-checks",
            "log_config": [],
            "name": "cloud-order-platform-allow-health-checks",
            "network": "https://www.googleapis.com/compute/v1/projects/cloud-order-platform/global/networks/cloud-order-platform-vpc",
            "params": [],
            "priority": 1000,
            "project": "cloud-order-platform",
            "self_link": "https://www.googleapis.com/compute/v1/projects/cloud-order-platform/global/firewalls/cloud-order-platform-allow-health-checks",
            "source_ranges": [
              "130.211.0.0/22",
              "35.191.0.0/16"
            ],
            "source_service_accounts": null,
            "source_tags": null,
            "target_service_accounts": null,
            "target_tags": null,
            "timeouts": null
          },
          "sensitive_attributes": [],
          "identity_schema_version": 1,
          "identity": {
            "name": "cloud-order-platform-allow-health-checks",
            "project": "cloud-order-platform"
          },
          "private": "eyJlMmJmYjczMC1lY2FhLTExZTYtOGY4OC0zNDM2M2JjN2M0YzAiOnsiY3JlYXRlIjoxMjAwMDAwMDAwMDAwLCJkZWxldGUiOjEyMDAwMDAwMDAwMDAsInVwZGF0ZSI6MTIwMDAwMDAwMDAwMH0sInNjaGVtYV92ZXJzaW9uIjoiMSJ9",
          "dependencies": [
            "google_compute_network.cloud_order_vpc"
          ]
        }
      ]
    },
    {
      "mode": "managed",
      "type": "google_compute_firewall",
      "name": "allow_internal",
      "provider": "provider[\"registry.terraform.io/hashicorp/google\"]",
      "instances": [
        {
          "schema_version": 1,
          "attributes": {
            "allow": [
              {
                "ports": [],
                "protocol": "icmp"
              },
              {
                "ports": [],
                "protocol": "tcp"
              },
              {
                "ports": [],
                "protocol": "udp"
              }
            ],
            "creation_timestamp": "2026-08-29T23:32:04.540-07:00",
            "deletion_policy": "DELETE",
            "deny": [],
            "description": "",
            "destination_ranges": [],
            "direction": "INGRESS",
            "disabled": false,
            "enable_logging": null,
            "id": "projects/cloud-order-platform/global/firewalls/cloud-order-platform-allow-internal",
            "log_config": [],
            "name": "cloud-order-platform-allow-internal",
            "network": "https://www.googleapis.com/compute/v1/projects/cloud-order-platform/global/networks/cloud-order-platform-vpc",
            "params": [],
            "priority": 1000,
            "project": "cloud-order-platform",
            "self_link": "https://www.googleapis.com/compute/v1/projects/cloud-order-platform/global/firewalls/cloud-order-platform-allow-internal",
            "source_ranges": [
              "10.10.0.0/20",
              "10.20.0.0/16",
              "10.30.0.0/20"
            ],
            "source_service_accounts": null,
            "source_tags": null,
            "target_service_accounts": null,
            "target_tags": null,
            "timeouts": null
          },
          "sensitive_attributes": [],
          "identity_schema_version": 1,
          "identity": {
            "name": "cloud-order-platform-allow-internal",
            "project": "cloud-order-platform"
          },
          "private": "eyJlMmJmYjczMC1lY2FhLTExZTYtOGY4OC0zNDM2M2JjN2M0YzAiOnsiY3JlYXRlIjoxMjAwMDAwMDAwMDAwLCJkZWxldGUiOjEyMDAwMDAwMDAwMDAsInVwZGF0ZSI6MTIwMDAwMDAwMDAwMH0sInNjaGVtYV92ZXJzaW9uIjoiMSJ9",
          "dependencies": [
            "google_compute_network.cloud_order_vpc"
          ]
        }
      ]
    },
    {
      "mode": "managed",
      "type": "google_compute_network",
      "name": "cloud_order_vpc",
      "provider": "provider[\"registry.terraform.io/hashicorp/google\"]",
      "instances": [
        {
          "schema_version": 0,
          "attributes": {
            "auto_create_subnetworks": false,
            "bgp_always_compare_med": false,
            "bgp_best_path_selection_mode": "LEGACY",
            "bgp_inter_region_cost": "",
            "delete_bgp_always_compare_med": false,
            "delete_default_routes_on_create": false,
            "deletion_policy": "DELETE",
            "description": "VPC for Cloud Order Platform",
            "enable_ula_internal_ipv6": false,
            "gateway_ipv4": "",
            "id": "projects/cloud-order-platform/global/networks/cloud-order-platform-vpc",
            "internal_ipv6_range": "",
            "mtu": 0,
            "name": "cloud-order-platform-vpc",
            "network_firewall_policy_enforcement_order": "AFTER_CLASSIC_FIREWALL",
            "network_id": "7314540938330534050",
            "network_profile": "",
            "numeric_id": "7314540938330534050",
            "params": [],
            "project": "cloud-order-platform",
            "routing_mode": "REGIONAL",
            "self_link": "https://www.googleapis.com/compute/v1/projects/cloud-order-platform/global/networks/cloud-order-platform-vpc",
            "timeouts": null
          },
          "sensitive_attributes": [],
          "identity_schema_version": 1,
          "identity": {
            "name": "cloud-order-platform-vpc",
            "project": "cloud-order-platform"
          },
          "private": "eyJlMmJmYjczMC1lY2FhLTExZTYtOGY4OC0zNDM2M2JjN2M0YzAiOnsiY3JlYXRlIjoxMjAwMDAwMDAwMDAwLCJkZWxldGUiOjEyMDAwMDAwMDAwMDAsInVwZGF0ZSI6MTIwMDAwMDAwMDAwMH19"
        }
      ]
    },
    {
      "mode": "managed",
      "type": "google_compute_subnetwork",
      "name": "cloud_order_subnet",
      "provider": "provider[\"registry.terraform.io/hashicorp/google\"]",
      "instances": [
        {
          "schema_version": 0,
          "attributes": {
            "allow_subnet_cidr_routes_overlap": false,
            "creation_timestamp": "2026-08-29T23:32:09.293-07:00",
            "deletion_policy": "DELETE",
            "description": "",
            "external_ipv6_prefix": "",
            "fingerprint": null,
            "gateway_address": "10.10.0.1",
            "id": "projects/cloud-order-platform/regions/asia-south1/subnetworks/cloud-order-platform-subnet",
            "internal_ipv6_prefix": "",
            "ip_cidr_range": "10.10.0.0/20",
            "ip_collection": "",
            "ipv6_access_type": "",
            "ipv6_cidr_range": "",
            "ipv6_gce_endpoint": "",
            "log_config": [],
            "name": "cloud-order-platform-subnet",
            "network": "https://www.googleapis.com/compute/v1/projects/cloud-order-platform/global/networks/cloud-order-platform-vpc",
            "params": [],
            "private_ip_google_access": true,
            "private_ipv6_google_access": "DISABLE_GOOGLE_ACCESS",
            "project": "cloud-order-platform",
            "purpose": "PRIVATE",
            "region": "asia-south1",
            "reserved_internal_range": "",
            "resolve_subnet_mask": "",
            "role": "",
            "secondary_ip_range": [
              {
                "ip_cidr_range": "10.20.0.0/16",
                "range_name": "gke-pod-range",
                "reserved_internal_range": ""
              },
              {
                "ip_cidr_range": "10.30.0.0/20",
                "range_name": "gke-service-range",
                "reserved_internal_range": ""
              }
            ],
            "self_link": "https://www.googleapis.com/compute/v1/projects/cloud-order-platform/regions/asia-south1/subnetworks/cloud-order-platform-subnet",
            "send_secondary_ip_range_if_empty": null,
            "stack_type": "IPV4_ONLY",
            "state": "",
            "subnetwork_id": 60722242064904326,
            "timeouts": null
          },
          "sensitive_attributes": [],
          "identity_schema_version": 1,
          "identity": {
            "name": "cloud-order-platform-subnet",
            "project": "cloud-order-platform",
            "region": "asia-south1"
          },
          "private": "eyJlMmJmYjczMC1lY2FhLTExZTYtOGY4OC0zNDM2M2JjN2M0YzAiOnsiY3JlYXRlIjoxMjAwMDAwMDAwMDAwLCJkZWxldGUiOjEyMDAwMDAwMDAwMDAsInVwZGF0ZSI6MTIwMDAwMDAwMDAwMH19",
          "dependencies": [
            "google_compute_network.cloud_order_vpc"
          ]
        }
      ]
    },
    {
      "mode": "managed",
      "type": "google_container_cluster",
      "name": "cloud_order_gke",
      "provider": "provider[\"registry.terraform.io/hashicorp/google\"]",
      "instances": [
        {
          "schema_version": 2,
          "attributes": {
            "addons_config": [
              {
                "agent_sandbox_config": [],
                "cloudrun_config": [],
                "config_connector_config": [],
                "dns_cache_config": [
                  {
                    "enabled": true
                  }
                ],
                "gce_persistent_disk_csi_driver_config": [
                  {
                    "enabled": true
                  }
                ],
                "gcp_filestore_csi_driver_config": [],
                "gcs_fuse_csi_driver_config": [],
                "gke_backup_agent_config": [],
                "high_scale_checkpointing_config": [],
                "horizontal_pod_autoscaling": [],
                "http_load_balancing": [],
                "lustre_csi_driver_config": [],
                "network_policy_config": [
                  {
                    "disabled": true
                  }
                ],
                "node_readiness_config": [
                  {
                    "enabled": false
                  }
                ],
                "parallelstore_csi_driver_config": [],
                "pod_snapshot_config": [],
                "ray_operator_config": [],
                "slice_controller_config": [],
                "slurm_operator_config": [],
                "stateful_ha_config": []
              }
            ],
            "allow_net_admin": null,
            "anonymous_authentication_config": [
              {
                "mode": "LIMITED"
              }
            ],
            "authenticator_groups_config": [],
            "autopilot_cluster_policy_config": null,
            "autopilot_privileged_admission": [],
            "binary_authorization": [
              {
                "enabled": false,
                "evaluation_mode": ""
              }
            ],
            "cluster_autoscaling": [
              {
                "auto_provisioning_defaults": [
                  {
                    "boot_disk_kms_key": "",
                    "disk_size": 0,
                    "disk_type": "",
                    "image_type": "COS_CONTAINERD",
                    "management": [
                      {
                        "auto_repair": true,
                        "auto_upgrade": true,
                        "upgrade_options": []
                      }
                    ],
                    "min_cpu_platform": "",
                    "oauth_scopes": [
                      "https://www.googleapis.com/auth/devstorage.read_only",
                      "https://www.googleapis.com/auth/logging.write",
                      "https://www.googleapis.com/auth/monitoring",
                      "https://www.googleapis.com/auth/service.management.readonly",
                      "https://www.googleapis.com/auth/servicecontrol",
                      "https://www.googleapis.com/auth/trace.append"
                    ],
                    "service_account": "default",
                    "shielded_instance_config": [],
                    "upgrade_settings": []
                  }
                ],
                "auto_provisioning_locations": [],
                "autoscaling_profile": "BALANCED",
                "default_compute_class_enabled": false,
                "enabled": false,
                "resource_limits": []
              }
            ],
            "cluster_ipv4_cidr": "10.20.0.0/16",
            "confidential_nodes": [],
            "control_plane_endpoints_config": [
              {
                "dns_endpoint_config": [
                  {
                    "allow_external_traffic": false,
                    "enable_k8s_certs_via_dns": false,
                    "enable_k8s_tokens_via_dns": false,
                    "endpoint": "gke-9aaf2ae4154d4416870ad2c3fc8d37b55fa0-614998307878.asia-south1.gke.goog"
                  }
                ],
                "ip_endpoints_config": [
                  {
                    "enabled": true
                  }
                ]
              }
            ],
            "cost_management_config": [],
            "database_encryption": [
              {
                "key_name": "",
                "state": "DECRYPTED"
              }
            ],
            "datapath_provider": "",
            "dataplane_optimization_mode": null,
            "default_max_pods_per_node": 110,
            "default_snat_status": [
              {
                "disabled": false
              }
            ],
            "deletion_policy": "DELETE",
            "deletion_protection": false,
            "description": "",
            "desired_emulated_version": null,
            "disable_l4_lb_firewall_reconciliation": false,
            "dns_config": [],
            "effective_labels": {
              "goog-terraform-provisioned": "true"
            },
            "emulated_version": "",
            "enable_autopilot": false,
            "enable_cilium_clusterwide_network_policy": false,
            "enable_fqdn_network_policy": false,
            "enable_intranode_visibility": false,
            "enable_k8s_beta_apis": [],
            "enable_kubernetes_alpha": false,
            "enable_l4_ilb_subsetting": false,
            "enable_legacy_abac": false,
            "enable_multi_networking": false,
            "enable_shielded_nodes": true,
            "enable_tpu": false,
            "endpoint": "8.234.109.146",
            "enterprise_config": [
              {
                "cluster_tier": "STANDARD",
                "desired_tier": ""
              }
            ],
            "fleet": [],
            "gateway_api_config": [],
            "gke_auto_upgrade_config": [],
            "id": "projects/cloud-order-platform/locations/asia-south1/clusters/cloud-order-platform-gke",
            "identity_service_config": [],
            "ignore_node_count_changes": null,
            "in_transit_encryption_config": "",
            "initial_node_count": 1,
            "ip_allocation_policy": [
              {
                "additional_ip_ranges_config": [],
                "additional_pod_ranges_config": [],
                "auto_ipam_config": [],
                "cluster_ipv4_cidr_block": "10.20.0.0/16",
                "cluster_secondary_range_name": "gke-pod-range",
                "network_tier_config": [
                  {
                    "network_tier": "NETWORK_TIER_DEFAULT"
                  }
                ],
                "pod_cidr_overprovision_config": [
                  {
                    "disabled": false
                  }
                ],
                "services_ipv4_cidr_block": "10.30.0.0/20",
                "services_secondary_range_name": "gke-service-range",
                "stack_type": "IPV4"
              }
            ],
            "label_fingerprint": "78cdf2f6",
            "location": "asia-south1",
            "logging_config": [
              {
                "enable_components": [
                  "SYSTEM_COMPONENTS",
                  "WORKLOADS"
                ]
              }
            ],
            "logging_service": "logging.googleapis.com/kubernetes",
            "maintenance_policy": [],
            "master_auth": [
              {
                "client_certificate": "",
                "client_certificate_config": [
                  {
                    "issue_client_certificate": false
                  }
                ],
                "client_key": "",
                "cluster_ca_certificate": "LS0tLS1CRUdJTiBDRVJUSUZJQ0FURS0tLS0tCk1JSUVMRENDQXBTZ0F3SUJBZ0lRWXJzZlgrMHNUeHZmWG42WFJmSjFtekFOQmdrcWhraUc5dzBCQVFzRkFEQXYKTVMwd0t3WURWUVFERXlRNVkySTFaVFk0WkMwNE1XWm1MVFE0TkRjdE9EUmlOaTA1WmpNMlpEazRZVEJqTURjdwpJQmNOTWpZd09ETXdNRFV6TXpBNVdoZ1BNakExTmpBNE1qSXdOak16TURsYU1DOHhMVEFyQmdOVkJBTVRKRGxqCllqVmxOamhrTFRneFptWXRORGcwTnkwNE5HSTJMVGxtTXpaa09UaGhNR013TnpDQ0FhSXdEUVlKS29aSWh2Y04KQVFFQkJRQURnZ0dQQURDQ0FZb0NnZ0dCQUxHL05ZUXpsdVdpNDQrb2ErOHlpVlIxZmpOR0ViemtyWUt3TGhGYwpqRWE0ZDY1emZEaFUwaXdQc04vNFgzMW0wc3lQczlRcFRUQjg3cU5ZTWNDRHpoK0FCOW1jelN3enFFRktUNFpyClNGYkVOazRKelloQncyaFJyRkEycEhZalVicjA5eVpmMWI5ZUhIZ0hNYWVnKzNwT3lSdUUyM2FSM0J3Z0NnOU0KNkZwK1JUQ3RTdlFpS3lLWlZkZzUxaURlOGdTVnlsR0hpc0c5Vnk5eS9QSmEyRjdQVng0YXI2UkRiQURZa3V1eAp3ZmkvZHBpUHJwcEVDNlVRSE9nQTlKUG1iaXNoanZiNDR0TGhaTGJDZ2pjTmlBOUgvSkdnNFMwQUZVdGppQzc2CjFROCsrVDVQd3FtQVZDNU1YU25Ja0x1eUJreHFyQXRZRmhIeVFIdWZFOW05dFN3c3VlWkJyTExTaXVPNHE4bk8KbFJseXU5VDJYRmdPcmt0OFIvaUtFek41ZzNiRUk1dys0WGsxOEo1MlBPUEdOYjRieFpPQlNNbE1MMXJoMUY3cAo3K29SQ3BUMFFZZWtRSU9rQXFjdS9ZYldIalRIN1pGbVR2SEJuRVJLVVVNN096MmI2d2pyRXhGaThqTkdJd0grCnZtOW02YkowZENkZFJXRFZrdDlZK1V6UXFRSURBUUFCbzBJd1FEQU9CZ05WSFE4QkFmOEVCQU1DQWdRd0R3WUQKVlIwVEFRSC9CQVV3QXdFQi96QWRCZ05WSFE0RUZnUVV0SzNlM2hIYmZ3Vm5ha2JxOExtaFljQzh1MGd3RFFZSgpLb1pJaHZjTkFRRUxCUUFEZ2dHQkFDdTlrRmVsa2pjUSt0MEVpMGQ1RGNXQTgvMktPMk9PRWtZc1JSbjduMVM5CmpLQ0tVRzlsakpLeGtXaFA0cXlDa0V3NUtSZ3NRNmNKZHF2alJ5a00vK0FXUWsveUFMN0VWTzZ2VFpreE1IRVoKeDZ5WVdDQThUbVpZU1NCb3Y0bWFrVUxWb1dXZ2NidVg4UXAxYTBMNmNHZGoreHNqUEFTRkxrOFl0bFp5MDNGMApCSzF0V0lPK01yMUJlMDBBSFlYcVcxK2ZQVHRzZi9UR2pVNkFiWS9VaVA3bTdzWWVPZFp1bWhEMFJ0MmRMcExCClVzWW1kOGZJZFpxQVRaaVhGZmovSVBxeEJNcTRmU25hMXFKd1VUUzNjeCt6NG9lT0dxWUJPUk90VEkxQ2thZ3AKWVg0ZDIzWkVvYzFtZm8xOXZUVlM3KzJCeTUyeW5rbktXQzVVSVRGTEZtd0ZJL1crOHhMT2N6WkVkWm1pZXRjVAp0Wlhia1JkbWFwejl4Y2laYm43UUd0WmliVjE3L0wwK0kwanp2d1dQK1lBNExlNVlzTnl3amlyRzVVWnNRR3RxCkVadXVoaWZReU5KOVozV0UrMERaUlZzY1J0MG1mR25vWHBJdldtd1JVVXovSStjdlpwaWxodThKbW8xdzQwcWcKQmNxSVkzTjFkNmw5RGVqamhMekZtdz09Ci0tLS0tRU5EIENFUlRJRklDQVRFLS0tLS0K"
              }
            ],
            "master_authorized_networks_config": [],
            "master_version": "1.35.7-gke.1027000",
            "mesh_certificates": [],
            "min_master_version": null,
            "monitoring_config": [
              {
                "advanced_datapath_observability_config": [
                  {
                    "enable_metrics": false,
                    "enable_relay": false
                  }
                ],
                "enable_components": [
                  "SYSTEM_COMPONENTS",
                  "STORAGE",
                  "HPA",
                  "POD",
                  "DAEMONSET",
                  "DEPLOYMENT",
                  "STATEFULSET",
                  "CADVISOR",
                  "KUBELET",
                  "DCGM",
                  "JOBSET"
                ],
                "managed_prometheus": [
                  {
                    "auto_monitoring_config": [],
                    "enabled": true
                  }
                ]
              }
            ],
            "monitoring_service": "monitoring.googleapis.com/kubernetes",
            "name": "cloud-order-platform-gke",
            "network": "projects/cloud-order-platform/global/networks/cloud-order-platform-vpc",
            "network_performance_config": [],
            "network_policy": [
              {
                "enabled": false,
                "provider": "PROVIDER_UNSPECIFIED"
              }
            ],
            "networking_mode": "VPC_NATIVE",
            "node_config": [],
            "node_creation_config": [
              {
                "node_creation_mode": "VIA_KUBELET"
              }
            ],
            "node_locations": [
              "asia-south1-a",
              "asia-south1-b",
              "asia-south1-c"
            ],
            "node_pool": [],
            "node_pool_auto_config": [
              {
                "linux_node_config": [],
                "network_tags": [],
                "node_kubelet_config": [
                  {
                    "insecure_kubelet_readonly_port_enabled": "FALSE"
                  }
                ],
                "resource_manager_tags": {}
              }
            ],
            "node_pool_defaults": [
              {
                "node_config_defaults": [
                  {
                    "containerd_config": [],
                    "gcfs_config": [],
                    "insecure_kubelet_readonly_port_enabled": "FALSE",
                    "logging_variant": "DEFAULT"
                  }
                ]
              }
            ],
            "node_version": "1.35.7-gke.1027000",
            "notification_config": [
              {
                "pubsub": [
                  {
                    "enabled": false,
                    "filter": [],
                    "topic": ""
                  }
                ]
              }
            ],
            "operation": null,
            "pod_autoscaling": [
              {
                "hpa_profile": "PERFORMANCE"
              }
            ],
            "private_cluster_config": [
              {
                "enable_private_endpoint": false,
                "enable_private_nodes": false,
                "master_global_access_config": [
                  {
                    "enabled": false
                  }
                ],
                "master_ipv4_cidr_block": "",
                "peering_name": "",
                "private_endpoint": "10.10.0.2",
                "private_endpoint_subnetwork": "",
                "public_endpoint": "8.234.109.146"
              }
            ],
            "private_ipv6_google_access": "",
            "project": "cloud-order-platform",
            "rbac_binding_config": [
              {
                "enable_insecure_binding_system_authenticated": true,
                "enable_insecure_binding_system_unauthenticated": true
              }
            ],
            "release_channel": [
              {
                "channel": "REGULAR"
              }
            ],
            "remove_default_node_pool": true,
            "resource_labels": null,
            "resource_usage_export_config": [],
            "rollback_safe_upgrade": [],
            "secret_manager_config": [
              {
                "enabled": false,
                "rotation_config": []
              }
            ],
            "secret_sync_config": [
              {
                "enabled": false,
                "rotation_config": []
              }
            ],
            "security_posture_config": [
              {
                "mode": "BASIC",
                "vulnerability_mode": "VULNERABILITY_MODE_UNSPECIFIED"
              }
            ],
            "self_link": "https://container.googleapis.com/v1/projects/cloud-order-platform/locations/asia-south1/clusters/cloud-order-platform-gke",
            "service_external_ips_config": [
              {
                "enabled": false
              }
            ],
            "services_ipv4_cidr": "10.30.0.0/20",
            "skip_node_pool_refresh": null,
            "subnetwork": "projects/cloud-order-platform/regions/asia-south1/subnetworks/cloud-order-platform-subnet",
            "terraform_labels": {
              "goog-terraform-provisioned": "true"
            },
            "timeouts": null,
            "tpu_ipv4_cidr_block": "",
            "user_managed_keys_config": [],
            "vertical_pod_autoscaling": [],
            "workload_identity_config": []
          },
          "sensitive_attributes": [
            [
              {
                "type": "get_attr",
                "value": "master_auth"
              },
              {
                "type": "index",
                "value": {
                  "value": 0,
                  "type": "number"
                }
              },
              {
                "type": "get_attr",
                "value": "client_key"
              }
            ]
          ],
          "identity_schema_version": 0,
          "private": "eyJlMmJmYjczMC1lY2FhLTExZTYtOGY4OC0zNDM2M2JjN2M0YzAiOnsiY3JlYXRlIjo1NDAwMDAwMDAwMDAwLCJkZWxldGUiOjU0MDAwMDAwMDAwMDAsInJlYWQiOjU0MDAwMDAwMDAwMDAsInVwZGF0ZSI6NTQwMDAwMDAwMDAwMH0sInNjaGVtYV92ZXJzaW9uIjoiMiJ9",
          "dependencies": [
            "google_compute_network.cloud_order_vpc",
            "google_compute_subnetwork.cloud_order_subnet"
          ]
        }
      ]
    },
    {
      "mode": "managed",
      "type": "google_container_node_pool",
      "name": "cloud_order_nodes",
      "provider": "provider[\"registry.terraform.io/hashicorp/google\"]",
      "instances": [
        {
          "schema_version": 1,
          "attributes": {
            "autoscaling": [],
            "cluster": "cloud-order-platform-gke",
            "deletion_policy": "DELETE",
            "id": "projects/cloud-order-platform/locations/asia-south1/clusters/cloud-order-platform-gke/nodePools/cloud-order-platform-node-pool",
            "ignore_node_count_changes": false,
            "initial_node_count": 1,
            "instance_group_urls": [
              "https://www.googleapis.com/compute/v1/projects/cloud-order-platform/zones/asia-south1-a/instanceGroupManagers/gke-cloud-order-plat-cloud-order-plat-1a2d8fbc-grp",
              "https://www.googleapis.com/compute/v1/projects/cloud-order-platform/zones/asia-south1-c/instanceGroupManagers/gke-cloud-order-plat-cloud-order-plat-f4d3589a-grp",
              "https://www.googleapis.com/compute/v1/projects/cloud-order-platform/zones/asia-south1-b/instanceGroupManagers/gke-cloud-order-plat-cloud-order-plat-8a2bad3d-grp"
            ],
            "location": "asia-south1",
            "maintenance_policy": [],
            "managed_instance_group_urls": [
              "https://www.googleapis.com/compute/v1/projects/cloud-order-platform/zones/asia-south1-a/instanceGroups/gke-cloud-order-plat-cloud-order-plat-1a2d8fbc-grp",
              "https://www.googleapis.com/compute/v1/projects/cloud-order-platform/zones/asia-south1-c/instanceGroups/gke-cloud-order-plat-cloud-order-plat-f4d3589a-grp",
              "https://www.googleapis.com/compute/v1/projects/cloud-order-platform/zones/asia-south1-b/instanceGroups/gke-cloud-order-plat-cloud-order-plat-8a2bad3d-grp"
            ],
            "management": [
              {
                "auto_repair": true,
                "auto_upgrade": true
              }
            ],
            "max_pods_per_node": 110,
            "name": "cloud-order-platform-node-pool",
            "name_prefix": "",
            "network_config": [
              {
                "accelerator_network_profile": "",
                "additional_node_network_configs": [],
                "additional_pod_network_configs": [],
                "create_pod_range": false,
                "enable_private_nodes": false,
                "network_performance_config": [],
                "pod_cidr_overprovision_config": [],
                "pod_ipv4_cidr_block": "10.20.0.0/16",
                "pod_range": "gke-pod-range",
                "subnetwork": "projects/cloud-order-platform/regions/asia-south1/subnetworks/cloud-order-platform-subnet"
              }
            ],
            "node_config": [
              {
                "advanced_machine_features": [],
                "boot_disk": [
                  {
                    "disk_type": "pd-standard",
                    "provisioned_iops": 0,
                    "provisioned_throughput": 0,
                    "size_gb": 30
                  }
                ],
                "boot_disk_kms_key": "",
                "confidential_nodes": [],
                "containerd_config": [],
                "disk_size_gb": 30,
                "disk_type": "pd-standard",
                "effective_taints": [],
                "enable_confidential_storage": false,
                "ephemeral_storage_local_ssd_config": [],
                "fast_socket": [],
                "flex_start": false,
                "gcfs_config": [],
                "gpudirect_strategy": "",
                "guest_accelerator": [],
                "gvnic": [],
                "host_maintenance_policy": [],
                "image_type": "COS_CONTAINERD",
                "kubelet_config": [
                  {
                    "allowed_unsafe_sysctls": [],
                    "container_log_max_files": 0,
                    "container_log_max_size": "",
                    "cpu_cfs_quota": false,
                    "cpu_cfs_quota_period": "",
                    "cpu_manager_policy": "",
                    "crash_loop_back_off": [],
                    "eviction_max_pod_grace_period_seconds": 0,
                    "eviction_minimum_reclaim": [],
                    "eviction_soft": [],
                    "eviction_soft_grace_period": [],
                    "image_gc_high_threshold_percent": 0,
                    "image_gc_low_threshold_percent": 0,
                    "image_maximum_gc_age": "",
                    "image_minimum_gc_age": "",
                    "insecure_kubelet_readonly_port_enabled": "FALSE",
                    "max_parallel_image_pulls": 2,
                    "memory_manager": [],
                    "pod_pids_limit": 0,
                    "shutdown_grace_period_critical_pods_seconds": 0,
                    "shutdown_grace_period_seconds": 0,
                    "single_process_oom_kill": false,
                    "topology_manager": []
                  }
                ],
                "labels": {
                  "environment": "dev",
                  "project": "cloud-order-platform"
                },
                "linux_node_config": [],
                "local_nvme_ssd_block_config": [],
                "local_ssd_count": 0,
                "local_ssd_encryption_mode": "",
                "logging_variant": "DEFAULT",
                "machine_type": "e2-medium",
                "max_run_duration": "",
                "metadata": {
                  "disable-legacy-endpoints": "true"
                },
                "min_cpu_platform": "",
                "node_group": "",
                "node_image_config": [
                  {
                    "image": "gke-1357-gke1027000-cos-125-19216-532-25-c-pre",
                    "image_project": "gke-node-images"
                  }
                ],
                "oauth_scopes": [
                  "https://www.googleapis.com/auth/cloud-platform"
                ],
                "preemptible": false,
                "reservation_affinity": [],
                "resource_labels": {
                  "goog-gke-node-pool-provisioning-model": "on-demand"
                },
                "resource_manager_tags": null,
                "sandbox_config": [],
                "secondary_boot_disks": [],
                "service_account": "default",
                "shielded_instance_config": [
                  {
                    "enable_integrity_monitoring": true,
                    "enable_secure_boot": false
                  }
                ],
                "sole_tenant_config": [],
                "spot": false,
                "storage_pools": null,
                "tags": [
                  "cloud-order-gke"
                ],
                "taint": [],
                "taint_config": [],
                "windows_node_config": [
                  {
                    "osversion": ""
                  }
                ],
                "workload_metadata_config": []
              }
            ],
            "node_count": 1,
            "node_drain_config": null,
            "node_locations": [
              "asia-south1-a",
              "asia-south1-b",
              "asia-south1-c"
            ],
            "operation": null,
            "placement_policy": [],
            "project": "cloud-order-platform",
            "queued_provisioning": [],
            "timeouts": null,
            "upgrade_settings": [
              {
                "blue_green_settings": [],
                "max_surge": 1,
                "max_unavailable": 0,
                "strategy": "SURGE"
              }
            ],
            "version": "1.35.7-gke.1027000"
          },
          "sensitive_attributes": [],
          "identity_schema_version": 0,
          "private": "eyJlMmJmYjczMC1lY2FhLTExZTYtOGY4OC0zNDM2M2JjN2M0YzAiOnsiY3JlYXRlIjo3MjAwMDAwMDAwMDAwLCJkZWxldGUiOjcyMDAwMDAwMDAwMDAsInVwZGF0ZSI6NzIwMDAwMDAwMDAwMH0sInNjaGVtYV92ZXJzaW9uIjoiMSJ9",
          "dependencies": [
            "google_compute_network.cloud_order_vpc",
            "google_compute_subnetwork.cloud_order_subnet",
            "google_container_cluster.cloud_order_gke"
          ]
        }
      ]
    }
  ],
  "check_results": null
}
